
Microsoft Visual Studio Solution File, Format Version 12.00
# Visual Studio Version 17
VisualStudioVersion = 17.9.34728.123
MinimumVisualStudioVersion = 10.0.40219.1
Project("{FAE04EC0-301F-11D3-BF4B-00C04F79EFBC}") = "THP_LR5", "THP_LR5\THP_LR5.csproj", "{3ABDE44E-6246-4199-97B0-25B506489B60}"
EndProject
Global
	GlobalSection(SolutionConfigurationPlatforms) = preSolution
		Debug|Any CPU = Debug|Any CPU
		Release|Any CPU = Release|Any CPU
	EndGlobalSection
	GlobalSection(ProjectConfigurationPlatforms) = postSolution
		{3ABDE44E-6246-4199-97B0-25B506489B60}.Debug|Any CPU.ActiveCfg = Debug|Any CPU
		{3ABDE44E-6246-4199-97B0-25B506489B60}.Debug|Any CPU.Build.0 = Debug|Any CPU
		{3ABDE44E-6246-4199-97B0-25B506489B60}.Release|Any CPU.ActiveCfg = Release|Any CPU
		{3ABDE44E-6246-4199-97B0-25B506489B60}.Release|Any CPU.Build.0 = Release|Any CPU
	EndGlobalSection
	GlobalSection(SolutionProperties) = preSolution
		HideSolutionNode = FALSE
	EndGlobalSection
	GlobalSection(ExtensibilityGlobals) = postSolution
		SolutionGuid = {F07AA21D-2620-4BF1-9A73-AA8B6BE6A89B}
	EndGlobalSection
EndGlobal
